
Microsoft Visual Studio Solution File, Format Version 12.00
# Visual Studio Version 16
VisualStudioVersion = 16.0.30114.105
MinimumVisualStudioVersion = 10.0.40219.1
Project("{FAE04EC0-301F-11D3-BF4B-00C04F79EFBC}") = "PrimeService", "PrimeService\PrimeService.csproj", "{F3BB85E3-EC98-4223-A5A7-F53BD200EE07}"
EndProject
Project("{FAE04EC0-301F-11D3-BF4B-00C04F79EFBC}") = "PrimeService.Tests", "PrimeService.Tests\PrimeService.Tests.csproj", "{33BF04F6-64D2-49A2-A824-7B060A1A9586}"
EndProject
Global
	GlobalSection(SolutionConfigurationPlatforms) = preSolution
		Debug|Any CPU = Debug|Any CPU
		Debug|x64 = Debug|x64
		Debug|x86 = Debug|x86
		Release|Any CPU = Release|Any CPU
		Release|x64 = Release|x64
		Release|x86 = Release|x86
	EndGlobalSection
	GlobalSection(SolutionProperties) = preSolution
		HideSolutionNode = FALSE
	EndGlobalSection
	GlobalSection(ProjectConfigurationPlatforms) = postSolution
		{F3BB85E3-EC98-4223-A5A7-F53BD200EE07}.Debug|Any CPU.ActiveCfg = Debug|Any CPU
		{F3BB85E3-EC98-4223-A5A7-F53BD200EE07}.Debug|Any CPU.Build.0 = Debug|Any CPU
		{F3BB85E3-EC98-4223-A5A7-F53BD200EE07}.Debug|x64.ActiveCfg = Debug|Any CPU
		{F3BB85E3-EC98-4223-A5A7-F53BD200EE07}.Debug|x64.Build.0 = Debug|Any CPU
		{F3BB85E3-EC98-4223-A5A7-F53BD200EE07}.Debug|x86.ActiveCfg = Debug|Any CPU
		{F3BB85E3-EC98-4223-A5A7-F53BD200EE07}.Debug|x86.Build.0 = Debug|Any CPU
		{F3BB85E3-EC98-4223-A5A7-F53BD200EE07}.Release|Any CPU.ActiveCfg = Release|Any CPU
		{F3BB85E3-EC98-4223-A5A7-F53BD200EE07}.Release|Any CPU.Build.0 = Release|Any CPU
		{F3BB85E3-EC98-4223-A5A7-F53BD200EE07}.Release|x64.ActiveCfg = Release|Any CPU
		{F3BB85E3-EC98-4223-A5A7-F53BD200EE07}.Release|x64.Build.0 = Release|Any CPU
		{F3BB85E3-EC98-4223-A5A7-F53BD200EE07}.Release|x86.ActiveCfg = Release|Any CPU
		{F3BB85E3-EC98-4223-A5A7-F53BD200EE07}.Release|x86.Build.0 = Release|Any CPU
		{33BF04F6-64D2-49A2-A824-7B060A1A9586}.Debug|Any CPU.ActiveCfg = Debug|Any CPU
		{33BF04F6-64D2-49A2-A824-7B060A1A9586}.Debug|Any CPU.Build.0 = Debug|Any CPU
		{33BF04F6-64D2-49A2-A824-7B060A1A9586}.Debug|x64.ActiveCfg = Debug|Any CPU
		{33BF04F6-64D2-49A2-A824-7B060A1A9586}.Debug|x64.Build.0 = Debug|Any CPU
		{33BF04F6-64D2-49A2-A824-7B060A1A9586}.Debug|x86.ActiveCfg = Debug|Any CPU
		{33BF04F6-64D2-49A2-A824-7B060A1A9586}.Debug|x86.Build.0 = Debug|Any CPU
		{33BF04F6-64D2-49A2-A824-7B060A1A9586}.Release|Any CPU.ActiveCfg = Release|Any CPU
		{33BF04F6-64D2-49A2-A824-7B060A1A9586}.Release|Any CPU.Build.0 = Release|Any CPU
		{33BF04F6-64D2-49A2-A824-7B060A1A9586}.Release|x64.ActiveCfg = Release|Any CPU
		{33BF04F6-64D2-49A2-A824-7B060A1A9586}.Release|x64.Build.0 = Release|Any CPU
		{33BF04F6-64D2-49A2-A824-7B060A1A9586}.Release|x86.ActiveCfg = Release|Any CPU
		{33BF04F6-64D2-49A2-A824-7B060A1A9586}.Release|x86.Build.0 = Release|Any CPU
	EndGlobalSection
EndGlobal
